// !$*UTF8*$!
{
	archiveVersion = 1;
	classes = {
	};
	objectVersion = 50;
	objects = {

/* Begin PBXBuildFile section */
		33C6ADCF239667E6008A8E00 /* AppDelegate.swift in Sources */ = {isa = PBXBuildFile; fileRef = 33C6ADCE239667E6008A8E00 /* AppDelegate.swift */; };
		33C6ADD1239667E6008A8E00 /* SceneDelegate.swift in Sources */ = {isa = PBXBuildFile; fileRef = 33C6ADD0239667E6008A8E00 /* SceneDelegate.swift */; };
		33C6ADD3239667E6008A8E00 /* ViewController.swift in Sources */ = {isa = PBXBuildFile; fileRef = 33C6ADD2239667E6008A8E00 /* ViewController.swift */; };
		33C6ADD6239667E7008A8E00 /* Main.storyboard in Resources */ = {isa = PBXBuildFile; fileRef = 33C6ADD4239667E7008A8E00 /* Main.storyboard */; };
		33C6ADD8239667EA008A8E00 /* Assets.xcassets in Resources */ = {isa = PBXBuildFile; fileRef = 33C6ADD7239667EA008A8E00 /* Assets.xcassets */; };
		33C6ADDB239667EA008A8E00 /* LaunchScreen.storyboard in Resources */ = {isa = PBXBuildFile; fileRef = 33C6ADD9239667EA008A8E00 /* LaunchScreen.storyboard */; };
		33C6ADE6239667EA008A8E00 /* recipe_LuTests.swift in Sources */ = {isa = PBXBuildFile; fileRef = 33C6ADE5239667EA008A8E00 /* recipe_LuTests.swift */; };
		33C6ADF1239667EB008A8E00 /* recipe_LuUITests.swift in Sources */ = {isa = PBXBuildFile; fileRef = 33C6ADF0239667EB008A8E00 /* recipe_LuUITests.swift */; };
/* End PBXBuildFile section */

/* Begin PBXContainerItemProxy section */
		33C6ADE2239667EA008A8E00 /* PBXContainerItemProxy */ = {
			isa = PBXContainerItemProxy;
			containerPortal = 33C6ADC3239667E6008A8E00 /* Project object */;
			proxyType = 1;
			remoteGlobalIDString = 33C6ADCA239667E6008A8E00;
			remoteInfo = recipe_Lu;
		};
		33C6ADED239667EA008A8E00 /* PBXContainerItemProxy */ = {
			isa = PBXContainerItemProxy;
			containerPortal = 33C6ADC3239667E6008A8E00 /* Project object */;
			proxyType = 1;
			remoteGlobalIDString = 33C6ADCA239667E6008A8E00;
			remoteInfo = recipe_Lu;
		};
/* End PBXContainerItemProxy section */

/* Begin PBXFileReference section */
		33C6ADCB239667E6008A8E00 /* recipe_Lu.app */ = {isa = PBXFileReference; explicitFileType = wrapper.application; includeInIndex = 0; path = recipe_Lu.app; sourceTree = BUILT_PRODUCTS_DIR; };
		33C6ADCE239667E6008A8E00 /* AppDelegate.swift */ = {isa = PBXFileReference; lastKnownFileType = sourcecode.swift; path = AppDelegate.swift; sourceTree = "<group>"; };
		33C6ADD0239667E6008A8E00 /* SceneDelegate.swift */ = {isa = PBXFileReference; lastKnownFileType = sourcecode.swift; path = SceneDelegate.swift; sourceTree = "<group>"; };
		33C6ADD2239667E6008A8E00 /* ViewController.swift */ = {isa = PBXFileReference; lastKnownFileType = sourcecode.swift; path = ViewController.swift; sourceTree = "<group>"; };
		33C6ADD5239667E7008A8E00 /* Base */ = {isa = PBXFileReference; lastKnownFileType = file.storyboard; name = Base; path = Base.lproj/Main.storyboard; sourceTree = "<group>"; };
		33C6ADD7239667EA008A8E00 /* Assets.xcassets */ = {isa = PBXFileReference; lastKnownFileType = folder.assetcatalog; path = Assets.xcassets; sourceTree = "<group>"; };
		33C6ADDA239667EA008A8E00 /* Base */ = {isa = PBXFileReference; lastKnownFileType = file.storyboard; name = Base; path = Base.lproj/LaunchScreen.storyboard; sourceTree = "<group>"; };
		33C6ADDC239667EA008A8E00 /* Info.plist */ = {isa = PBXFileReference; lastKnownFileType = text.plist.xml; path = Info.plist; sourceTree = "<group>"; };
		33C6ADE1239667EA008A8E00 /* recipe_LuTests.xctest */ = {isa = PBXFileReference; explicitFileType = wrapper.cfbundle; includeInIndex = 0; path = recipe_LuTests.xctest; sourceTree = BUILT_PRODUCTS_DIR; };
		33C6ADE5239667EA008A8E00 /* recipe_LuTests.swift */ = {isa = PBXFileReference; lastKnownFileType = sourcecode.swift; path = recipe_LuTests.swift; sourceTree = "<group>"; };
		33C6ADE7239667EA008A8E00 /* Info.plist */ = {isa = PBXFileReference; lastKnownFileType = text.plist.xml; path = Info.plist; sourceTree = "<group>"; };
		33C6ADEC239667EA008A8E00 /* recipe_LuUITests.xctest */ = {isa = PBXFileReference; explicitFileType = wrapper.cfbundle; includeInIndex = 0; path = recipe_LuUITests.xctest; sourceTree = BUILT_PRODUCTS_DIR; };
		33C6ADF0239667EB008A8E00 /* recipe_LuUITests.swift */ = {isa = PBXFileReference; lastKnownFileType = sourcecode.swift; path = recipe_LuUITests.swift; sourceTree = "<group>"; };
		33C6ADF2239667EB008A8E00 /* Info.plist */ = {isa = PBXFileReference; lastKnownFileType = text.plist.xml; path = Info.plist; sourceTree = "<group>"; };
/* End PBXFileReference section */

/* Begin PBXFrameworksBuildPhase section */
		33C6ADC8239667E6008A8E00 /* Frameworks */ = {
			isa = PBXFrameworksBuildPhase;
			buildActionMask = 2147483647;
			files = (
			);
			runOnlyForDeploymentPostprocessing = 0;
		};
		33C6ADDE239667EA008A8E00 /* Frameworks */ = {
			isa = PBXFrameworksBuildPhase;
			buildActionMask = 2147483647;
			files = (
			);
			runOnlyForDeploymentPostprocessing = 0;
		};
		33C6ADE9239667EA008A8E00 /* Frameworks */ = {
			isa = PBXFrameworksBuildPhase;
			buildActionMask = 2147483647;
			files = (
			);
			runOnlyForDeploymentPostprocessing = 0;
		};
/* End PBXFrameworksBuildPhase section */

/* Begin PBXGroup section */
		33C6ADC2239667E6008A8E00 = {
			isa = PBXGroup;
			children = (
				33C6ADCD239667E6008A8E00 /* recipe_Lu */,
				33C6ADE4239667EA008A8E00 /* recipe_LuTests */,
				33C6ADEF239667EA008A8E00 /* recipe_LuUITests */,
				33C6ADCC239667E6008A8E00 /* Products */,
			);
			sourceTree = "<group>";
		};
		33C6ADCC239667E6008A8E00 /* Products */ = {
			isa = PBXGroup;
			children = (
				33C6ADCB239667E6008A8E00 /* recipe_Lu.app */,
				33C6ADE1239667EA008A8E00 /* recipe_LuTests.xctest */,
				33C6ADEC239667EA008A8E00 /* recipe_LuUITests.xctest */,
			);
			name = Products;
			sourceTree = "<group>";
		};
		33C6ADCD239667E6008A8E00 /* recipe_Lu */ = {
			isa = PBXGroup;
			children = (
				33C6ADCE239667E6008A8E00 /* AppDelegate.swift */,
				33C6ADD0239667E6008A8E00 /* SceneDelegate.swift */,
				33C6ADD2239667E6008A8E00 /* ViewController.swift */,
				33C6ADD4239667E7008A8E00 /* Main.storyboard */,
				33C6ADD7239667EA008A8E00 /* Assets.xcassets */,
				33C6ADD9239667EA008A8E00 /* LaunchScreen.storyboard */,
				33C6ADDC239667EA008A8E00 /* Info.plist */,
			);
			path = recipe_Lu;
			sourceTree = "<group>";
		};
		33C6ADE4239667EA008A8E00 /* recipe_LuTests */ = {
			isa = PBXGroup;
			children = (
				33C6ADE5239667EA008A8E00 /* recipe_LuTests.swift */,
				33C6ADE7239667EA008A8E00 /* Info.plist */,
			);
			path = recipe_LuTests;
			sourceTree = "<group>";
		};
		33C6ADEF239667EA008A8E00 /* recipe_LuUITests */ = {
			isa = PBXGroup;
			children = (
				33C6ADF0239667EB008A8E00 /* recipe_LuUITests.swift */,
				33C6ADF2239667EB008A8E00 /* Info.plist */,
			);
			path = recipe_LuUITests;
			sourceTree = "<group>";
		};
/* End PBXGroup section */

/* Begin PBXNativeTarget section */
		33C6ADCA239667E6008A8E00 /* recipe_Lu */ = {
			isa = PBXNativeTarget;
			buildConfigurationList = 33C6ADF5239667EB008A8E00 /* Build configuration list for PBXNativeTarget "recipe_Lu" */;
			buildPhases = (
				33C6ADC7239667E6008A8E00 /* Sources */,
				33C6ADC8239667E6008A8E00 /* Frameworks */,
				33C6ADC9239667E6008A8E00 /* Resources */,
			);
			buildRules = (
			);
			dependencies = (
			);
			name = recipe_Lu;
			productName = recipe_Lu;
			productReference = 33C6ADCB239667E6008A8E00 /* recipe_Lu.app */;
			productType = "com.apple.product-type.application";
		};
		33C6ADE0239667EA008A8E00 /* recipe_LuTests */ = {
			isa = PBXNativeTarget;
			buildConfigurationList = 33C6ADF8239667EB008A8E00 /* Build configuration list for PBXNativeTarget "recipe_LuTests" */;
			buildPhases = (
				33C6ADDD239667EA008A8E00 /* Sources */,
				33C6ADDE239667EA008A8E00 /* Frameworks */,
				33C6ADDF239667EA008A8E00 /* Resources */,
			);
			buildRules = (
			);
			dependencies = (
				33C6ADE3239667EA008A8E00 /* PBXTargetDependency */,
			);
			name = recipe_LuTests;
			productName = recipe_LuTests;
			productReference = 33C6ADE1239667EA008A8E00 /* recipe_LuTests.xctest */;
			productType = "com.apple.product-type.bundle.unit-test";
		};
		33C6ADEB239667EA008A8E00 /* recipe_LuUITests */ = {
			isa = PBXNativeTarget;
			buildConfigurationList = 33C6ADFB239667EB008A8E00 /* Build configuration list for PBXNativeTarget "recipe_LuUITests" */;
			buildPhases = (
				33C6ADE8239667EA008A8E00 /* Sources */,
				33C6ADE9239667EA008A8E00 /* Frameworks */,
				33C6ADEA239667EA008A8E00 /* Resources */,
			);
			buildRules = (
			);
			dependencies = (
				33C6ADEE239667EA008A8E00 /* PBXTargetDependency */,
			);
			name = recipe_LuUITests;
			productName = recipe_LuUITests;
			productReference = 33C6ADEC239667EA008A8E00 /* recipe_LuUITests.xctest */;
			productType = "com.apple.product-type.bundle.ui-testing";
		};
/* End PBXNativeTarget section */

/* Begin PBXProject section */
		33C6ADC3239667E6008A8E00 /* Project object */ = {
			isa = PBXProject;
			attributes = {
				LastSwiftUpdateCheck = 1120;
				LastUpgradeCheck = 1120;
				ORGANIZATIONNAME = Martin;
				TargetAttributes = {
					33C6ADCA239667E6008A8E00 = {
						CreatedOnToolsVersion = 11.2.1;
					};
					33C6ADE0239667EA008A8E00 = {
						CreatedOnToolsVersion = 11.2.1;
						TestTargetID = 33C6ADCA239667E6008A8E00;
					};
					33C6ADEB239667EA008A8E00 = {
						CreatedOnToolsVersion = 11.2.1;
						TestTargetID = 33C6ADCA239667E6008A8E00;
					};
				};
			};
			buildConfigurationList = 33C6ADC6239667E6008A8E00 /* Build configuration list for PBXProject "recipe_Lu" */;
			compatibilityVersion = "Xcode 9.3";
			developmentRegion = en;
			hasScannedForEncodings = 0;
			knownRegions = (
				en,
				Base,
			);
			mainGroup = 33C6ADC2239667E6008A8E00;
			productRefGroup = 33C6ADCC239667E6008A8E00 /* Products */;
			projectDirPath = "";
			projectRoot = "";
			targets = (
				33C6ADCA239667E6008A8E00 /* recipe_Lu */,
				33C6ADE0239667EA008A8E00 /* recipe_LuTests */,
				33C6ADEB239667EA008A8E00 /* recipe_LuUITests */,
			);
		};
/* End PBXProject section */

/* Begin PBXResourcesBuildPhase section */
		33C6ADC9239667E6008A8E00 /* Resources */ = {
			isa = PBXResourcesBuildPhase;
			buildActionMask = 2147483647;
			files = (
				33C6ADDB239667EA008A8E00 /* LaunchScreen.storyboard in Resources */,
				33C6ADD8239667EA008A8E00 /* Assets.xcassets in Resources */,
				33C6ADD6239667E7008A8E00 /* Main.storyboard in Resources */,
			);
			runOnlyForDeploymentPostprocessing = 0;
		};
		33C6ADDF239667EA008A8E00 /* Resources */ = {
			isa = PBXResourcesBuildPhase;
			buildActionMask = 2147483647;
			files = (
			);
			runOnlyForDeploymentPostprocessing = 0;
		};
		33C6ADEA239667EA008A8E00 /* Resources */ = {
			isa = PBXResourcesBuildPhase;
			buildActionMask = 2147483647;
			files = (
			);
			runOnlyForDeploymentPostprocessing = 0;
		};
/* End PBXResourcesBuildPhase section */

/* Begin PBXSourcesBuildPhase section */
		33C6ADC7239667E6008A8E00 /* Sources */ = {
			isa = PBXSourcesBuildPhase;
			buildActionMask = 2147483647;
			files = (
				33C6ADD3239667E6008A8E00 /* ViewController.swift in Sources */,
				33C6ADCF239667E6008A8E00 /* AppDelegate.swift in Sources */,
				33C6ADD1239667E6008A8E00 /* SceneDelegate.swift in Sources */,
			);
			runOnlyForDeploymentPostprocessing = 0;
		};
		33C6ADDD239667EA008A8E00 /* Sources */ = {
			isa = PBXSourcesBuildPhase;
			buildActionMask = 2147483647;
			files = (
				33C6ADE6239667EA008A8E00 /* recipe_LuTests.swift in Sources */,
			);
			runOnlyForDeploymentPostprocessing = 0;
		};
		33C6ADE8239667EA008A8E00 /* Sources */ = {
			isa = PBXSourcesBuildPhase;
			buildActionMask = 2147483647;
			files = (
				33C6ADF1239667EB008A8E00 /* recipe_LuUITests.swift in Sources */,
			);
			runOnlyForDeploymentPostprocessing = 0;
		};
/* End PBXSourcesBuildPhase section */

/* Begin PBXTargetDependency section */
		33C6ADE3239667EA008A8E00 /* PBXTargetDependency */ = {
			isa = PBXTargetDependency;
			target = 33C6ADCA239667E6008A8E00 /* recipe_Lu */;
			targetProxy = 33C6ADE2239667EA008A8E00 /* PBXContainerItemProxy */;
		};
		33C6ADEE239667EA008A8E00 /* PBXTargetDependency */ = {
			isa = PBXTargetDependency;
			target = 33C6ADCA239667E6008A8E00 /* recipe_Lu */;
			targetProxy = 33C6ADED239667EA008A8E00 /* PBXContainerItemProxy */;
		};
/* End PBXTargetDependency section */

/* Begin PBXVariantGroup section */
		33C6ADD4239667E7008A8E00 /* Main.storyboard */ = {
			isa = PBXVariantGroup;
			children = (
				33C6ADD5239667E7008A8E00 /* Base */,
			);
			name = Main.storyboard;
			sourceTree = "<group>";
		};
		33C6ADD9239667EA008A8E00 /* LaunchScreen.storyboard */ = {
			isa = PBXVariantGroup;
			children = (
				33C6ADDA239667EA008A8E00 /* Base */,
			);
			name = LaunchScreen.storyboard;
			sourceTree = "<group>";
		};
/* End PBXVariantGroup section */

/* Begin XCBuildConfiguration section */
		33C6ADF3239667EB008A8E00 /* Debug */ = {
			isa = XCBuildConfiguration;
			buildSettings = {
				ALWAYS_SEARCH_USER_PATHS = NO;
				CLANG_ANALYZER_NONNULL = YES;
				CLANG_ANALYZER_NUMBER_OBJECT_CONVERSION = YES_AGGRESSIVE;
				CLANG_CXX_LANGUAGE_STANDARD = "gnu++14";
				CLANG_CXX_LIBRARY = "libc++";
				CLANG_ENABLE_MODULES = YES;
				CLANG_ENABLE_OBJC_ARC = YES;
				CLANG_ENABLE_OBJC_WEAK = YES;
				CLANG_WARN_BLOCK_CAPTURE_AUTORELEASING = YES;
				CLANG_WARN_BOOL_CONVERSION = YES;
				CLANG_WARN_COMMA = YES;
				CLANG_WARN_CONSTANT_CONVERSION = YES;
				CLANG_WARN_DEPRECATED_OBJC_IMPLEMENTATIONS = YES;
				CLANG_WARN_DIRECT_OBJC_ISA_USAGE = YES_ERROR;
				CLANG_WARN_DOCUMENTATION_COMMENTS = YES;
				CLANG_WARN_EMPTY_BODY = YES;
				CLANG_WARN_ENUM_CONVERSION = YES;
				CLANG_WARN_INFINITE_RECURSION = YES;
				CLANG_WARN_INT_CONVERSION = YES;
				CLANG_WARN_NON_LITERAL_NULL_CONVERSION = YES;
				CLANG_WARN_OBJC_IMPLICIT_RETAIN_SELF = YES;
				CLANG_WARN_OBJC_LITERAL_CONVERSION = YES;
				CLANG_WARN_OBJC_ROOT_CLASS = YES_ERROR;
				CLANG_WARN_RANGE_LOOP_ANALYSIS = YES;
				CLANG_WARN_STRICT_PROTOTYPES = YES;
				CLANG_WARN_SUSPICIOUS_MOVE = YES;
				CLANG_WARN_UNGUARDED_AVAILABILITY = YES_AGGRESSIVE;
				CLANG_WARN_UNREACHABLE_CODE = YES;
				CLANG_WARN__DUPLICATE_METHOD_MATCH = YES;
				COPY_PHASE_STRIP = NO;
				DEBUG_INFORMATION_FORMAT = dwarf;
				ENABLE_STRICT_OBJC_MSGSEND = YES;
				ENABLE_TESTABILITY = YES;
				GCC_C_LANGUAGE_STANDARD = gnu11;
				GCC_DYNAMIC_NO_PIC = NO;
				GCC_NO_COMMON_BLOCKS = YES;
				GCC_OPTIMIZATION_LEVEL = 0;
				GCC_PREPROCESSOR_DEFINITIONS = (
					"DEBUG=1",
					"$(inherited)",
				);
				GCC_WARN_64_TO_32_BIT_CONVERSION = YES;
				GCC_WARN_ABOUT_RETURN_TYPE = YES_ERROR;
				GCC_WARN_UNDECLARED_SELECTOR = YES;
				GCC_WARN_UNINITIALIZED_AUTOS = YES_AGGRESSIVE;
				GCC_WARN_UNUSED_FUNCTION = YES;
				GCC_WARN_UNUSED_VARIABLE = YES;
				IPHONEOS_DEPLOYMENT_TARGET = 13.2;
				MTL_ENABLE_DEBUG_INFO = INCLUDE_SOURCE;
				MTL_FAST_MATH = YES;
				ONLY_ACTIVE_ARCH = YES;
				SDKROOT = iphoneos;
				SWIFT_ACTIVE_COMPILATION_CONDITIONS = DEBUG;
				SWIFT_OPTIMIZATION_LEVEL = "-Onone";
			};
			name = Debug;
		};
		33C6ADF4239667EB008A8E00 /* Release */ = {
			isa = XCBuildConfiguration;
			buildSettings = {
				ALWAYS_SEARCH_USER_PATHS = NO;
				CLANG_ANALYZER_NONNULL = YES;
				CLANG_ANALYZER_NUMBER_OBJECT_CONVERSION = YES_AGGRESSIVE;
				CLANG_CXX_LANGUAGE_STANDARD = "gnu++14";
				CLANG_CXX_LIBRARY = "libc++";
				CLANG_ENABLE_MODULES = YES;
				CLANG_ENABLE_OBJC_ARC = YES;
				CLANG_ENABLE_OBJC_WEAK = YES;
				CLANG_WARN_BLOCK_CAPTURE_AUTORELEASING = YES;
				CLANG_WARN_BOOL_CONVERSION = YES;
				CLANG_WARN_COMMA = YES;
				CLANG_WARN_CONSTANT_CONVERSION = YES;
				CLANG_WARN_DEPRECATED_OBJC_IMPLEMENTATIONS = YES;
				CLANG_WARN_DIRECT_OBJC_ISA_USAGE = YES_ERROR;
				CLANG_WARN_DOCUMENTATION_COMMENTS = YES;
				CLANG_WARN_EMPTY_BODY = YES;
				CLANG_WARN_ENUM_CONVERSION = YES;
				CLANG_WARN_INFINITE_RECURSION = YES;
				CLANG_WARN_INT_CONVERSION = YES;
				CLANG_WARN_NON_LITERAL_NULL_CONVERSION = YES;
				CLANG_WARN_OBJC_IMPLICIT_RETAIN_SELF = YES;
				CLANG_WARN_OBJC_LITERAL_CONVERSION = YES;
				CLANG_WARN_OBJC_ROOT_CLASS = YES_ERROR;
				CLANG_WARN_RANGE_LOOP_ANALYSIS = YES;
				CLANG_WARN_STRICT_PROTOTYPES = YES;
				CLANG_WARN_SUSPICIOUS_MOVE = YES;
				CLANG_WARN_UNGUARDED_AVAILABILITY = YES_AGGRESSIVE;
				CLANG_WARN_UNREACHABLE_CODE = YES;
				CLANG_WARN__DUPLICATE_METHOD_MATCH = YES;
				COPY_PHASE_STRIP = NO;
				DEBUG_INFORMATION_FORMAT = "dwarf-with-dsym";
				ENABLE_NS_ASSERTIONS = NO;
				ENABLE_STRICT_OBJC_MSGSEND = YES;
				GCC_C_LANGUAGE_STANDARD = gnu11;
				GCC_NO_COMMON_BLOCKS = YES;
				GCC_WARN_64_TO_32_BIT_CONVERSION = YES;
				GCC_WARN_ABOUT_RETURN_TYPE = YES_ERROR;
				GCC_WARN_UNDECLARED_SELECTOR = YES;
				GCC_WARN_UNINITIALIZED_AUTOS = YES_AGGRESSIVE;
				GCC_WARN_UNUSED_FUNCTION = YES;
				GCC_WARN_UNUSED_VARIABLE = YES;
				IPHONEOS_DEPLOYMENT_TARGET = 13.2;
				MTL_ENABLE_DEBUG_INFO = NO;
				MTL_FAST_MATH = YES;
				SDKROOT = iphoneos;
				SWIFT_COMPILATION_MODE = wholemodule;
				SWIFT_OPTIMIZATION_LEVEL = "-O";
				VALIDATE_PRODUCT = YES;
			};
			name = Release;
		};
		33C6ADF6239667EB008A8E00 /* Debug */ = {
			isa = XCBuildConfiguration;
			buildSettings = {
				ASSETCATALOG_COMPILER_APPICON_NAME = AppIcon;
				CODE_SIGN_STYLE = Automatic;
				INFOPLIST_FILE = recipe_Lu/Info.plist;
				LD_RUNPATH_SEARCH_PATHS = (
					"$(inherited)",
					"@executable_path/Frameworks",
				);
				PRODUCT_BUNDLE_IDENTIFIER = "martin.z.lu.recipe-Lu";
				PRODUCT_NAME = "$(TARGET_NAME)";
				SWIFT_VERSION = 5.0;
				TARGETED_DEVICE_FAMILY = "1,2";
			};
			name = Debug;
		};
		33C6ADF7239667EB008A8E00 /* Release */ = {
			isa = XCBuildConfiguration;
			buildSettings = {
				ASSETCATALOG_COMPILER_APPICON_NAME = AppIcon;
				CODE_SIGN_STYLE = Automatic;
				INFOPLIST_FILE = recipe_Lu/Info.plist;
				LD_RUNPATH_SEARCH_PATHS = (
					"$(inherited)",
					"@executable_path/Frameworks",
				);
				PRODUCT_BUNDLE_IDENTIFIER = "martin.z.lu.recipe-Lu";
				PRODUCT_NAME = "$(TARGET_NAME)";
				SWIFT_VERSION = 5.0;
				TARGETED_DEVICE_FAMILY = "1,2";
			};
			name = Release;
		};
		33C6ADF9239667EB008A8E00 /* Debug */ = {
			isa = XCBuildConfiguration;
			buildSettings = {
				ALWAYS_EMBED_SWIFT_STANDARD_LIBRARIES = YES;
				BUNDLE_LOADER = "$(TEST_HOST)";
				CODE_SIGN_STYLE = Automatic;
				INFOPLIST_FILE = recipe_LuTests/Info.plist;
				IPHONEOS_DEPLOYMENT_TARGET = 13.2;
				LD_RUNPATH_SEARCH_PATHS = (
					"$(inherited)",
					"@executable_path/Frameworks",
					"@loader_path/Frameworks",
				);
				PRODUCT_BUNDLE_IDENTIFIER = "martin.z.lu.recipe-LuTests";
				PRODUCT_NAME = "$(TARGET_NAME)";
				SWIFT_VERSION = 5.0;
				TARGETED_DEVICE_FAMILY = "1,2";
				TEST_HOST = "$(BUILT_PRODUCTS_DIR)/recipe_Lu.app/recipe_Lu";
			};
			name = Debug;
		};
		33C6ADFA239667EB008A8E00 /* Release */ = {
			isa = XCBuildConfiguration;
			buildSettings = {
				ALWAYS_EMBED_SWIFT_STANDARD_LIBRARIES = YES;
				BUNDLE_LOADER = "$(TEST_HOST)";
				CODE_SIGN_STYLE = Automatic;
				INFOPLIST_FILE = recipe_LuTests/Info.plist;
				IPHONEOS_DEPLOYMENT_TARGET = 13.2;
				LD_RUNPATH_SEARCH_PATHS = (
					"$(inherited)",
					"@executable_path/Frameworks",
					"@loader_path/Frameworks",
				);
				PRODUCT_BUNDLE_IDENTIFIER = "martin.z.lu.recipe-LuTests";
				PRODUCT_NAME = "$(TARGET_NAME)";
				SWIFT_VERSION = 5.0;
				TARGETED_DEVICE_FAMILY = "1,2";
				TEST_HOST = "$(BUILT_PRODUCTS_DIR)/recipe_Lu.app/recipe_Lu";
			};
			name = Release;
		};
		33C6ADFC239667EB008A8E00 /* Debug */ = {
			isa = XCBuildConfiguration;
			buildSettings = {
				ALWAYS_EMBED_SWIFT_STANDARD_LIBRARIES = YES;
				CODE_SIGN_STYLE = Automatic;
				INFOPLIST_FILE = recipe_LuUITests/Info.plist;
				LD_RUNPATH_SEARCH_PATHS = (
					"$(inherited)",
					"@executable_path/Frameworks",
					"@loader_path/Frameworks",
				);
				PRODUCT_BUNDLE_IDENTIFIER = "martin.z.lu.recipe-LuUITests";
				PRODUCT_NAME = "$(TARGET_NAME)";
				SWIFT_VERSION = 5.0;
				TARGETED_DEVICE_FAMILY = "1,2";
				TEST_TARGET_NAME = recipe_Lu;
			};
			name = Debug;
		};
		33C6ADFD239667EB008A8E00 /* Release */ = {
			isa = XCBuildConfiguration;
			buildSettings = {
				ALWAYS_EMBED_SWIFT_STANDARD_LIBRARIES = YES;
				CODE_SIGN_STYLE = Automatic;
				INFOPLIST_FILE = recipe_LuUITests/Info.plist;
				LD_RUNPATH_SEARCH_PATHS = (
					"$(inherited)",
					"@executable_path/Frameworks",
					"@loader_path/Frameworks",
				);
				PRODUCT_BUNDLE_IDENTIFIER = "martin.z.lu.recipe-LuUITests";
				PRODUCT_NAME = "$(TARGET_NAME)";
				SWIFT_VERSION = 5.0;
				TARGETED_DEVICE_FAMILY = "1,2";
				TEST_TARGET_NAME = recipe_Lu;
			};
			name = Release;
		};
/* End XCBuildConfiguration section */

/* Begin XCConfigurationList section */
		33C6ADC6239667E6008A8E00 /* Build configuration list for PBXProject "recipe_Lu" */ = {
			isa = XCConfigurationList;
			buildConfigurations = (
				33C6ADF3239667EB008A8E00 /* Debug */,
				33C6ADF4239667EB008A8E00 /* Release */,
			);
			defaultConfigurationIsVisible = 0;
			defaultConfigurationName = Release;
		};
		33C6ADF5239667EB008A8E00 /* Build configuration list for PBXNativeTarget "recipe_Lu" */ = {
			isa = XCConfigurationList;
			buildConfigurations = (
				33C6ADF6239667EB008A8E00 /* Debug */,
				33C6ADF7239667EB008A8E00 /* Release */,
			);
			defaultConfigurationIsVisible = 0;
			defaultConfigurationName = Release;
		};
		33C6ADF8239667EB008A8E00 /* Build configuration list for PBXNativeTarget "recipe_LuTests" */ = {
			isa = XCConfigurationList;
			buildConfigurations = (
				33C6ADF9239667EB008A8E00 /* Debug */,
				33C6ADFA239667EB008A8E00 /* Release */,
			);
			defaultConfigurationIsVisible = 0;
			defaultConfigurationName = Release;
		};
		33C6ADFB239667EB008A8E00 /* Build configuration list for PBXNativeTarget "recipe_LuUITests" */ = {
			isa = XCConfigurationList;
			buildConfigurations = (
				33C6ADFC239667EB008A8E00 /* Debug */,
				33C6ADFD239667EB008A8E00 /* Release */,
			);
			defaultConfigurationIsVisible = 0;
			defaultConfigurationName = Release;
		};
/* End XCConfigurationList section */
	};
	rootObject = 33C6ADC3239667E6008A8E00 /* Project object */;
}
